// !$*UTF8*$!
{
	archiveVersion = 1;
	classes = {
	};
	objectVersion = 46;
	objects = {

/* Begin PBXBuildFile section */
		D5D94FE41435750B00ABC9EA /* UIKit.framework in Frameworks */ = {isa = PBXBuildFile; fileRef = D5D94FE31435750B00ABC9EA /* UIKit.framework */; };
		D5D94FE61435750B00ABC9EA /* Foundation.framework in Frameworks */ = {isa = PBXBuildFile; fileRef = D5D94FE51435750B00ABC9EA /* Foundation.framework */; };
		D5D94FE81435750B00ABC9EA /* CoreGraphics.framework in Frameworks */ = {isa = PBXBuildFile; fileRef = D5D94FE71435750B00ABC9EA /* CoreGraphics.framework */; };
		D5D94FEE1435750B00ABC9EA /* InfoPlist.strings in Resources */ = {isa = PBXBuildFile; fileRef = D5D94FEC1435750B00ABC9EA /* InfoPlist.strings */; };
		D5D94FF01435750B00ABC9EA /* main.m in Sources */ = {isa = PBXBuildFile; fileRef = D5D94FEF1435750B00ABC9EA /* main.m */; };
		D5D94FF41435750B00ABC9EA /* AppDelegate.m in Sources */ = {isa = PBXBuildFile; fileRef = D5D94FF31435750B00ABC9EA /* AppDelegate.m */; };
		D5D94FF71435750B00ABC9EA /* ViewController.m in Sources */ = {isa = PBXBuildFile; fileRef = D5D94FF61435750B00ABC9EA /* ViewController.m */; };
		D5D94FFA1435750B00ABC9EA /* ViewController.xib in Resources */ = {isa = PBXBuildFile; fileRef = D5D94FF81435750B00ABC9EA /* ViewController.xib */; };
		D5D9500214357AB800ABC9EA /* Model.m in Sources */ = {isa = PBXBuildFile; fileRef = D5D9500114357AB800ABC9EA /* Model.m */; };
/* End PBXBuildFile section */

/* Begin PBXFileReference section */
		D5D94FDF1435750B00ABC9EA /* Calc.app */ = {isa = PBXFileReference; explicitFileType = wrapper.application; includeInIndex = 0; path = Calc.app; sourceTree = BUILT_PRODUCTS_DIR; };
		D5D94FE31435750B00ABC9EA /* UIKit.framework */ = {isa = PBXFileReference; lastKnownFileType = wrapper.framework; name = UIKit.framework; path = System/Library/Frameworks/UIKit.framework; sourceTree = SDKROOT; };
		D5D94FE51435750B00ABC9EA /* Foundation.framework */ = {isa = PBXFileReference; lastKnownFileType = wrapper.framework; name = Foundation.framework; path = System/Library/Frameworks/Foundation.framework; sourceTree = SDKROOT; };
		D5D94FE71435750B00ABC9EA /* CoreGraphics.framework */ = {isa = PBXFileReference; lastKnownFileType = wrapper.framework; name = CoreGraphics.framework; path = System/Library/Frameworks/CoreGraphics.framework; sourceTree = SDKROOT; };
		D5D94FEB1435750B00ABC9EA /* Calc-Info.plist */ = {isa = PBXFileReference; lastKnownFileType = text.plist.xml; path = "Calc-Info.plist"; sourceTree = "<group>"; };
		D5D94FED1435750B00ABC9EA /* en */ = {isa = PBXFileReference; lastKnownFileType = text.plist.strings; name = en; path = en.lproj/InfoPlist.strings; sourceTree = "<group>"; };
		D5D94FEF1435750B00ABC9EA /* main.m */ = {isa = PBXFileReference; lastKnownFileType = sourcecode.c.objc; path = main.m; sourceTree = "<group>"; };
		D5D94FF11435750B00ABC9EA /* Calc-Prefix.pch */ = {isa = PBXFileReference; lastKnownFileType = sourcecode.c.h; path = "Calc-Prefix.pch"; sourceTree = "<group>"; };
		D5D94FF21435750B00ABC9EA /* AppDelegate.h */ = {isa = PBXFileReference; lastKnownFileType = sourcecode.c.h; path = AppDelegate.h; sourceTree = "<group>"; };
		D5D94FF31435750B00ABC9EA /* AppDelegate.m */ = {isa = PBXFileReference; lastKnownFileType = sourcecode.c.objc; path = AppDelegate.m; sourceTree = "<group>"; };
		D5D94FF51435750B00ABC9EA /* ViewController.h */ = {isa = PBXFileReference; lastKnownFileType = sourcecode.c.h; path = ViewController.h; sourceTree = "<group>"; };
		D5D94FF61435750B00ABC9EA /* ViewController.m */ = {isa = PBXFileReference; lastKnownFileType = sourcecode.c.objc; path = ViewController.m; sourceTree = "<group>"; };
		D5D94FF91435750B00ABC9EA /* en */ = {isa = PBXFileReference; lastKnownFileType = file.xib; name = en; path = en.lproj/ViewController.xib; sourceTree = "<group>"; };
		D5D9500014357AB800ABC9EA /* Model.h */ = {isa = PBXFileReference; fileEncoding = 4; lastKnownFileType = sourcecode.c.h; path = Model.h; sourceTree = "<group>"; };
		D5D9500114357AB800ABC9EA /* Model.m */ = {isa = PBXFileReference; fileEncoding = 4; lastKnownFileType = sourcecode.c.objc; path = Model.m; sourceTree = "<group>"; };
/* End PBXFileReference section */

/* Begin PBXFrameworksBuildPhase section */
		D5D94FDC1435750B00ABC9EA /* Frameworks */ = {
			isa = PBXFrameworksBuildPhase;
			buildActionMask = 2147483647;
			files = (
				D5D94FE41435750B00ABC9EA /* UIKit.framework in Frameworks */,
				D5D94FE61435750B00ABC9EA /* Foundation.framework in Frameworks */,
				D5D94FE81435750B00ABC9EA /* CoreGraphics.framework in Frameworks */,
			);
			runOnlyForDeploymentPostprocessing = 0;
		};
/* End PBXFrameworksBuildPhase section */

/* Begin PBXGroup section */
		D5D94FD41435750B00ABC9EA = {
			isa = PBXGroup;
			children = (
				D5D94FE91435750B00ABC9EA /* Calc */,
				D5D94FE21435750B00ABC9EA /* Frameworks */,
				D5D94FE01435750B00ABC9EA /* Products */,
			);
			sourceTree = "<group>";
		};
		D5D94FE01435750B00ABC9EA /* Products */ = {
			isa = PBXGroup;
			children = (
				D5D94FDF1435750B00ABC9EA /* Calc.app */,
			);
			name = Products;
			sourceTree = "<group>";
		};
		D5D94FE21435750B00ABC9EA /* Frameworks */ = {
			isa = PBXGroup;
			children = (
				D5D94FE31435750B00ABC9EA /* UIKit.framework */,
				D5D94FE51435750B00ABC9EA /* Foundation.framework */,
				D5D94FE71435750B00ABC9EA /* CoreGraphics.framework */,
			);
			name = Frameworks;
			sourceTree = "<group>";
		};
		D5D94FE91435750B00ABC9EA /* Calc */ = {
			isa = PBXGroup;
			children = (
				D5D94FF21435750B00ABC9EA /* AppDelegate.h */,
				D5D94FF31435750B00ABC9EA /* AppDelegate.m */,
				D5D94FF51435750B00ABC9EA /* ViewController.h */,
				D5D94FF61435750B00ABC9EA /* ViewController.m */,
				D5D94FF81435750B00ABC9EA /* ViewController.xib */,
				D5D9500014357AB800ABC9EA /* Model.h */,
				D5D9500114357AB800ABC9EA /* Model.m */,
				D5D94FEA1435750B00ABC9EA /* Supporting Files */,
			);
			path = Calc;
			sourceTree = "<group>";
		};
		D5D94FEA1435750B00ABC9EA /* Supporting Files */ = {
			isa = PBXGroup;
			children = (
				D5D94FEB1435750B00ABC9EA /* Calc-Info.plist */,
				D5D94FEC1435750B00ABC9EA /* InfoPlist.strings */,
				D5D94FEF1435750B00ABC9EA /* main.m */,
				D5D94FF11435750B00ABC9EA /* Calc-Prefix.pch */,
			);
			name = "Supporting Files";
			sourceTree = "<group>";
		};
/* End PBXGroup section */

/* Begin PBXNativeTarget section */
		D5D94FDE1435750B00ABC9EA /* Calc */ = {
			isa = PBXNativeTarget;
			buildConfigurationList = D5D94FFD1435750B00ABC9EA /* Build configuration list for PBXNativeTarget "Calc" */;
			buildPhases = (
				D5D94FDB1435750B00ABC9EA /* Sources */,
				D5D94FDC1435750B00ABC9EA /* Frameworks */,
				D5D94FDD1435750B00ABC9EA /* Resources */,
			);
			buildRules = (
			);
			dependencies = (
			);
			name = Calc;
			productName = Calc;
			productReference = D5D94FDF1435750B00ABC9EA /* Calc.app */;
			productType = "com.apple.product-type.application";
		};
/* End PBXNativeTarget section */

/* Begin PBXProject section */
		D5D94FD61435750B00ABC9EA /* Project object */ = {
			isa = PBXProject;
			attributes = {
				LastUpgradeCheck = 0420;
			};
			buildConfigurationList = D5D94FD91435750B00ABC9EA /* Build configuration list for PBXProject "Calc" */;
			compatibilityVersion = "Xcode 3.2";
			developmentRegion = English;
			hasScannedForEncodings = 0;
			knownRegions = (
				en,
			);
			mainGroup = D5D94FD41435750B00ABC9EA;
			productRefGroup = D5D94FE01435750B00ABC9EA /* Products */;
			projectDirPath = "";
			projectRoot = "";
			targets = (
				D5D94FDE1435750B00ABC9EA /* Calc */,
			);
		};
/* End PBXProject section */

/* Begin PBXResourcesBuildPhase section */
		D5D94FDD1435750B00ABC9EA /* Resources */ = {
			isa = PBXResourcesBuildPhase;
			buildActionMask = 2147483647;
			files = (
				D5D94FEE1435750B00ABC9EA /* InfoPlist.strings in Resources */,
				D5D94FFA1435750B00ABC9EA /* ViewController.xib in Resources */,
			);
			runOnlyForDeploymentPostprocessing = 0;
		};
/* End PBXResourcesBuildPhase section */

/* Begin PBXSourcesBuildPhase section */
		D5D94FDB1435750B00ABC9EA /* Sources */ = {
			isa = PBXSourcesBuildPhase;
			buildActionMask = 2147483647;
			files = (
				D5D94FF01435750B00ABC9EA /* main.m in Sources */,
				D5D94FF41435750B00ABC9EA /* AppDelegate.m in Sources */,
				D5D94FF71435750B00ABC9EA /* ViewController.m in Sources */,
				D5D9500214357AB800ABC9EA /* Model.m in Sources */,
			);
			runOnlyForDeploymentPostprocessing = 0;
		};
/* End PBXSourcesBuildPhase section */

/* Begin PBXVariantGroup section */
		D5D94FEC1435750B00ABC9EA /* InfoPlist.strings */ = {
			isa = PBXVariantGroup;
			children = (
				D5D94FED1435750B00ABC9EA /* en */,
			);
			name = InfoPlist.strings;
			sourceTree = "<group>";
		};
		D5D94FF81435750B00ABC9EA /* ViewController.xib */ = {
			isa = PBXVariantGroup;
			children = (
				D5D94FF91435750B00ABC9EA /* en */,
			);
			name = ViewController.xib;
			sourceTree = "<group>";
		};
/* End PBXVariantGroup section */

/* Begin XCBuildConfiguration section */
		D5D94FFB1435750B00ABC9EA /* Debug */ = {
			isa = XCBuildConfiguration;
			buildSettings = {
				ALWAYS_SEARCH_USER_PATHS = NO;
				ARCHS = "$(ARCHS_STANDARD_32_BIT)";
				"CODE_SIGN_IDENTITY[sdk=iphoneos*]" = "iPhone Developer";
				COPY_PHASE_STRIP = NO;
				GCC_C_LANGUAGE_STANDARD = gnu99;
				GCC_DYNAMIC_NO_PIC = NO;
				GCC_OPTIMIZATION_LEVEL = 0;
				GCC_PREPROCESSOR_DEFINITIONS = (
					"DEBUG=1",
					"$(inherited)",
				);
				GCC_SYMBOLS_PRIVATE_EXTERN = NO;
				GCC_VERSION = com.apple.compilers.llvm.clang.1_0;
				GCC_WARN_ABOUT_MISSING_PROTOTYPES = YES;
				GCC_WARN_ABOUT_RETURN_TYPE = YES;
				GCC_WARN_UNUSED_VARIABLE = YES;
				IPHONEOS_DEPLOYMENT_TARGET = 5.0;
				SDKROOT = iphoneos;
			};
			name = Debug;
		};
		D5D94FFC1435750B00ABC9EA /* Release */ = {
			isa = XCBuildConfiguration;
			buildSettings = {
				ALWAYS_SEARCH_USER_PATHS = NO;
				ARCHS = "$(ARCHS_STANDARD_32_BIT)";
				"CODE_SIGN_IDENTITY[sdk=iphoneos*]" = "iPhone Developer";
				COPY_PHASE_STRIP = YES;
				GCC_C_LANGUAGE_STANDARD = gnu99;
				GCC_VERSION = com.apple.compilers.llvm.clang.1_0;
				GCC_WARN_ABOUT_MISSING_PROTOTYPES = YES;
				GCC_WARN_ABOUT_RETURN_TYPE = YES;
				GCC_WARN_UNUSED_VARIABLE = YES;
				IPHONEOS_DEPLOYMENT_TARGET = 5.0;
				OTHER_CFLAGS = "-DNS_BLOCK_ASSERTIONS=1";
				SDKROOT = iphoneos;
				VALIDATE_PRODUCT = YES;
			};
			name = Release;
		};
		D5D94FFE1435750B00ABC9EA /* Debug */ = {
			isa = XCBuildConfiguration;
			buildSettings = {
				CLANG_ENABLE_OBJC_ARC = YES;
				CLANG_WARN_OBJCPP_ARC_ABI = YES;
				GCC_PRECOMPILE_PREFIX_HEADER = YES;
				GCC_PREFIX_HEADER = "Calc/Calc-Prefix.pch";
				INFOPLIST_FILE = "Calc/Calc-Info.plist";
				PRODUCT_NAME = "$(TARGET_NAME)";
				WRAPPER_EXTENSION = app;
			};
			name = Debug;
		};
		D5D94FFF1435750B00ABC9EA /* Release */ = {
			isa = XCBuildConfiguration;
			buildSettings = {
				CLANG_ENABLE_OBJC_ARC = YES;
				CLANG_WARN_OBJCPP_ARC_ABI = YES;
				GCC_PRECOMPILE_PREFIX_HEADER = YES;
				GCC_PREFIX_HEADER = "Calc/Calc-Prefix.pch";
				INFOPLIST_FILE = "Calc/Calc-Info.plist";
				PRODUCT_NAME = "$(TARGET_NAME)";
				WRAPPER_EXTENSION = app;
			};
			name = Release;
		};
/* End XCBuildConfiguration section */

/* Begin XCConfigurationList section */
		D5D94FD91435750B00ABC9EA /* Build configuration list for PBXProject "Calc" */ = {
			isa = XCConfigurationList;
			buildConfigurations = (
				D5D94FFB1435750B00ABC9EA /* Debug */,
				D5D94FFC1435750B00ABC9EA /* Release */,
			);
			defaultConfigurationIsVisible = 0;
			defaultConfigurationName = Release;
		};
		D5D94FFD1435750B00ABC9EA /* Build configuration list for PBXNativeTarget "Calc" */ = {
			isa = XCConfigurationList;
			buildConfigurations = (
				D5D94FFE1435750B00ABC9EA /* Debug */,
				D5D94FFF1435750B00ABC9EA /* Release */,
			);
			defaultConfigurationIsVisible = 0;
			defaultConfigurationName = Release;
		};
/* End XCConfigurationList section */
	};
	rootObject = D5D94FD61435750B00ABC9EA /* Project object */;
}
